
Microsoft Visual Studio Solution File, Format Version 12.00
# Visual Studio 15
VisualStudioVersion = 15.0.28307.329
MinimumVisualStudioVersion = 10.0.40219.1
Project("{FAE04EC0-301F-11D3-BF4B-00C04F79EFBC}") = "Pract", "Pract\Pract.csproj", "{D3A9F67A-8A2F-4BC9-8E53-BC8FFB83F0B9}"
EndProject
Global
	GlobalSection(SolutionConfigurationPlatforms) = preSolution
		Debug|Any CPU = Debug|Any CPU
		Release|Any CPU = Release|Any CPU
	EndGlobalSection
	GlobalSection(ProjectConfigurationPlatforms) = postSolution
		{D3A9F67A-8A2F-4BC9-8E53-BC8FFB83F0B9}.Debug|Any CPU.ActiveCfg = Debug|Any CPU
		{D3A9F67A-8A2F-4BC9-8E53-BC8FFB83F0B9}.Debug|Any CPU.Build.0 = Debug|Any CPU
		{D3A9F67A-8A2F-4BC9-8E53-BC8FFB83F0B9}.Release|Any CPU.ActiveCfg = Release|Any CPU
		{D3A9F67A-8A2F-4BC9-8E53-BC8FFB83F0B9}.Release|Any CPU.Build.0 = Release|Any CPU
	EndGlobalSection
	GlobalSection(SolutionProperties) = preSolution
		HideSolutionNode = FALSE
	EndGlobalSection
	GlobalSection(ExtensibilityGlobals) = postSolution
		SolutionGuid = {D425CB08-FC62-4F5C-A878-C8FE6A877E00}
	EndGlobalSection
EndGlobal
